{
  "requires": true,
  "lockfileVersion": 1,
  "dependencies": {
    "@types/ragemp-c": {
      "version": "github:CocaColaBear/types-ragemp-c#cb6f6c987244683ec3684bfb44d669db111c07a0",
      "from": "github:CocaColaBear/types-ragemp-c#master",
      "dev": true
    },
    "@types/ragemp-s": {
      "version": "github:CocaColaBear/types-ragemp-s#20bd9fe6b033b48bd36e3b28e8993dd5ebc3f4f6",
      "from": "github:CocaColaBear/types-ragemp-s#master"
    }
  }
}
